
Microsoft Visual Studio Solution File, Format Version 12.00
# Visual Studio 14
VisualStudioVersion = 14.0.24720.0
MinimumVisualStudioVersion = 10.0.40219.1
Project("{FAE04EC0-301F-11D3-BF4B-00C04F79EFBC}") = "XFApp.Contracts", "XFApp.Contracts\XFApp.Contracts.csproj", "{6E74EA95-0824-4B46-A39A-5D4CEE92ADD7}"
EndProject
Project("{2150E333-8FDC-42A3-9474-1A3956D46DE8}") = "GHApp", "GHApp", "{92B334BC-BFCB-4CD9-AD73-05394CED9554}"
EndProject
Project("{FAE04EC0-301F-11D3-BF4B-00C04F79EFBC}") = "GHApp.Communication", "..\GHApp\GHApp\GHApp.Communication\GHApp.Communication.csproj", "{9B711206-1419-4009-8C6B-42131EE54355}"
EndProject
Project("{FAE04EC0-301F-11D3-BF4B-00C04F79EFBC}") = "GHApp.Contracts", "..\GHApp\GHApp\GHApp.Contracts\GHApp.Contracts.csproj", "{B05D0F41-BBA4-465B-92BB-2F976D0DB702}"
EndProject
Project("{FAE04EC0-301F-11D3-BF4B-00C04F79EFBC}") = "GHApp.Service", "..\GHApp\GHApp\GHApp.Service\GHApp.Service.csproj", "{BAFD1822-B31B-4B6C-852A-3D90F7FD1ACB}"
EndProject
Project("{FAE04EC0-301F-11D3-BF4B-00C04F79EFBC}") = "XFApp.iOS", "XFApp\XFApp.iOS\XFApp.iOS.csproj", "{FA65B4DF-5473-49F6-B66D-3AB0F39FD3B0}"
EndProject
Project("{FAE04EC0-301F-11D3-BF4B-00C04F79EFBC}") = "XFApp.WinPhone", "XFApp\XFApp.WinPhone\XFApp.WinPhone.csproj", "{8528F0E4-C5D7-41F0-A0AB-DDAB3EE4289B}"
EndProject
Project("{FAE04EC0-301F-11D3-BF4B-00C04F79EFBC}") = "XFApp.Common", "XFApp\XFApp.Common\XFApp.Common.csproj", "{4D723EA6-C94C-4F8C-856A-8A6ACF50A247}"
EndProject
Project("{FAE04EC0-301F-11D3-BF4B-00C04F79EFBC}") = "GHApp.UI", "..\GHApp\GHApp\GHApp.UI\GHApp.UI.csproj", "{017955B2-6F12-45F5-9753-7D43D209E170}"
EndProject
Project("{FAE04EC0-301F-11D3-BF4B-00C04F79EFBC}") = "XFApp.Backend", "XFApp.Backend\XFApp.Backend.csproj", "{37D68AAB-F89D-44F8-A9E5-C1917938EB81}"
EndProject
Project("{FAE04EC0-301F-11D3-BF4B-00C04F79EFBC}") = "XFApp.Droid", "XFApp\XFApp.Droid\XFApp.Droid.csproj", "{736CE7CE-92BA-4F8B-9671-8852EAAA4E10}"
EndProject
Project("{FAE04EC0-301F-11D3-BF4B-00C04F79EFBC}") = "XFApp.UITests", "XFApp.UITests\XFApp.UITests.csproj", "{05A7AF99-FDDF-431F-9B52-7C265AE84ECE}"
EndProject
Project("{FAE04EC0-301F-11D3-BF4B-00C04F79EFBC}") = "XFApp.BDD.UI_Tests", "XFApp.BDD.UI_Tests\XFApp.BDD.UI_Tests.csproj", "{8063BACC-BB59-4EB3-9B2C-B06E2443397D}"
EndProject
Global
	GlobalSection(SolutionConfigurationPlatforms) = preSolution
		Ad-Hoc|Any CPU = Ad-Hoc|Any CPU
		Ad-Hoc|ARM = Ad-Hoc|ARM
		Ad-Hoc|iPhone = Ad-Hoc|iPhone
		Ad-Hoc|iPhoneSimulator = Ad-Hoc|iPhoneSimulator
		Ad-Hoc|x64 = Ad-Hoc|x64
		Ad-Hoc|x86 = Ad-Hoc|x86
		AppStore|Any CPU = AppStore|Any CPU
		AppStore|ARM = AppStore|ARM
		AppStore|iPhone = AppStore|iPhone
		AppStore|iPhoneSimulator = AppStore|iPhoneSimulator
		AppStore|x64 = AppStore|x64
		AppStore|x86 = AppStore|x86
		Debug|Any CPU = Debug|Any CPU
		Debug|ARM = Debug|ARM
		Debug|iPhone = Debug|iPhone
		Debug|iPhoneSimulator = Debug|iPhoneSimulator
		Debug|x64 = Debug|x64
		Debug|x86 = Debug|x86
		Release|Any CPU = Release|Any CPU
		Release|ARM = Release|ARM
		Release|iPhone = Release|iPhone
		Release|iPhoneSimulator = Release|iPhoneSimulator
		Release|x64 = Release|x64
		Release|x86 = Release|x86
	EndGlobalSection
	GlobalSection(ProjectConfigurationPlatforms) = postSolution
		{6E74EA95-0824-4B46-A39A-5D4CEE92ADD7}.Ad-Hoc|Any CPU.ActiveCfg = Release|Any CPU
		{6E74EA95-0824-4B46-A39A-5D4CEE92ADD7}.Ad-Hoc|Any CPU.Build.0 = Release|Any CPU
		{6E74EA95-0824-4B46-A39A-5D4CEE92ADD7}.Ad-Hoc|ARM.ActiveCfg = Release|Any CPU
		{6E74EA95-0824-4B46-A39A-5D4CEE92ADD7}.Ad-Hoc|ARM.Build.0 = Release|Any CPU
		{6E74EA95-0824-4B46-A39A-5D4CEE92ADD7}.Ad-Hoc|iPhone.ActiveCfg = Release|Any CPU
		{6E74EA95-0824-4B46-A39A-5D4CEE92ADD7}.Ad-Hoc|iPhone.Build.0 = Release|Any CPU
		{6E74EA95-0824-4B46-A39A-5D4CEE92ADD7}.Ad-Hoc|iPhoneSimulator.ActiveCfg = Release|Any CPU
		{6E74EA95-0824-4B46-A39A-5D4CEE92ADD7}.Ad-Hoc|iPhoneSimulator.Build.0 = Release|Any CPU
		{6E74EA95-0824-4B46-A39A-5D4CEE92ADD7}.Ad-Hoc|x64.ActiveCfg = Release|Any CPU
		{6E74EA95-0824-4B46-A39A-5D4CEE92ADD7}.Ad-Hoc|x64.Build.0 = Release|Any CPU
		{6E74EA95-0824-4B46-A39A-5D4CEE92ADD7}.Ad-Hoc|x86.ActiveCfg = Release|Any CPU
		{6E74EA95-0824-4B46-A39A-5D4CEE92ADD7}.Ad-Hoc|x86.Build.0 = Release|Any CPU
		{6E74EA95-0824-4B46-A39A-5D4CEE92ADD7}.AppStore|Any CPU.ActiveCfg = Release|Any CPU
		{6E74EA95-0824-4B46-A39A-5D4CEE92ADD7}.AppStore|Any CPU.Build.0 = Release|Any CPU
		{6E74EA95-0824-4B46-A39A-5D4CEE92ADD7}.AppStore|ARM.ActiveCfg = Release|Any CPU
		{6E74EA95-0824-4B46-A39A-5D4CEE92ADD7}.AppStore|ARM.Build.0 = Release|Any CPU
		{6E74EA95-0824-4B46-A39A-5D4CEE92ADD7}.AppStore|iPhone.ActiveCfg = Release|Any CPU
		{6E74EA95-0824-4B46-A39A-5D4CEE92ADD7}.AppStore|iPhone.Build.0 = Release|Any CPU
		{6E74EA95-0824-4B46-A39A-5D4CEE92ADD7}.AppStore|iPhoneSimulator.ActiveCfg = Release|Any CPU
		{6E74EA95-0824-4B46-A39A-5D4CEE92ADD7}.AppStore|iPhoneSimulator.Build.0 = Release|Any CPU
		{6E74EA95-0824-4B46-A39A-5D4CEE92ADD7}.AppStore|x64.ActiveCfg = Release|Any CPU
		{6E74EA95-0824-4B46-A39A-5D4CEE92ADD7}.AppStore|x64.Build.0 = Release|Any CPU
		{6E74EA95-0824-4B46-A39A-5D4CEE92ADD7}.AppStore|x86.ActiveCfg = Release|Any CPU
		{6E74EA95-0824-4B46-A39A-5D4CEE92ADD7}.AppStore|x86.Build.0 = Release|Any CPU
		{6E74EA95-0824-4B46-A39A-5D4CEE92ADD7}.Debug|Any CPU.ActiveCfg = Debug|Any CPU
		{6E74EA95-0824-4B46-A39A-5D4CEE92ADD7}.Debug|Any CPU.Build.0 = Debug|Any CPU
		{6E74EA95-0824-4B46-A39A-5D4CEE92ADD7}.Debug|ARM.ActiveCfg = Debug|Any CPU
		{6E74EA95-0824-4B46-A39A-5D4CEE92ADD7}.Debug|ARM.Build.0 = Debug|Any CPU
		{6E74EA95-0824-4B46-A39A-5D4CEE92ADD7}.Debug|iPhone.ActiveCfg = Debug|Any CPU
		{6E74EA95-0824-4B46-A39A-5D4CEE92ADD7}.Debug|iPhone.Build.0 = Debug|Any CPU
		{6E74EA95-0824-4B46-A39A-5D4CEE92ADD7}.Debug|iPhoneSimulator.ActiveCfg = Debug|Any CPU
		{6E74EA95-0824-4B46-A39A-5D4CEE92ADD7}.Debug|iPhoneSimulator.Build.0 = Debug|Any CPU
		{6E74EA95-0824-4B46-A39A-5D4CEE92ADD7}.Debug|x64.ActiveCfg = Debug|Any CPU
		{6E74EA95-0824-4B46-A39A-5D4CEE92ADD7}.Debug|x64.Build.0 = Debug|Any CPU
		{6E74EA95-0824-4B46-A39A-5D4CEE92ADD7}.Debug|x86.ActiveCfg = Debug|Any CPU
		{6E74EA95-0824-4B46-A39A-5D4CEE92ADD7}.Debug|x86.Build.0 = Debug|Any CPU
		{6E74EA95-0824-4B46-A39A-5D4CEE92ADD7}.Release|Any CPU.ActiveCfg = Release|Any CPU
		{6E74EA95-0824-4B46-A39A-5D4CEE92ADD7}.Release|Any CPU.Build.0 = Release|Any CPU
		{6E74EA95-0824-4B46-A39A-5D4CEE92ADD7}.Release|ARM.ActiveCfg = Release|Any CPU
		{6E74EA95-0824-4B46-A39A-5D4CEE92ADD7}.Release|ARM.Build.0 = Release|Any CPU
		{6E74EA95-0824-4B46-A39A-5D4CEE92ADD7}.Release|iPhone.ActiveCfg = Release|Any CPU
		{6E74EA95-0824-4B46-A39A-5D4CEE92ADD7}.Release|iPhone.Build.0 = Release|Any CPU
		{6E74EA95-0824-4B46-A39A-5D4CEE92ADD7}.Release|iPhoneSimulator.ActiveCfg = Release|Any CPU
		{6E74EA95-0824-4B46-A39A-5D4CEE92ADD7}.Release|iPhoneSimulator.Build.0 = Release|Any CPU
		{6E74EA95-0824-4B46-A39A-5D4CEE92ADD7}.Release|x64.ActiveCfg = Release|Any CPU
		{6E74EA95-0824-4B46-A39A-5D4CEE92ADD7}.Release|x64.Build.0 = Release|Any CPU
		{6E74EA95-0824-4B46-A39A-5D4CEE92ADD7}.Release|x86.ActiveCfg = Release|Any CPU
		{6E74EA95-0824-4B46-A39A-5D4CEE92ADD7}.Release|x86.Build.0 = Release|Any CPU
		{9B711206-1419-4009-8C6B-42131EE54355}.Ad-Hoc|Any CPU.ActiveCfg = Release|Any CPU
		{9B711206-1419-4009-8C6B-42131EE54355}.Ad-Hoc|Any CPU.Build.0 = Release|Any CPU
		{9B711206-1419-4009-8C6B-42131EE54355}.Ad-Hoc|ARM.ActiveCfg = Release|Any CPU
		{9B711206-1419-4009-8C6B-42131EE54355}.Ad-Hoc|ARM.Build.0 = Release|Any CPU
		{9B711206-1419-4009-8C6B-42131EE54355}.Ad-Hoc|iPhone.ActiveCfg = Release|Any CPU
		{9B711206-1419-4009-8C6B-42131EE54355}.Ad-Hoc|iPhone.Build.0 = Release|Any CPU
		{9B711206-1419-4009-8C6B-42131EE54355}.Ad-Hoc|iPhoneSimulator.ActiveCfg = Release|Any CPU
		{9B711206-1419-4009-8C6B-42131EE54355}.Ad-Hoc|iPhoneSimulator.Build.0 = Release|Any CPU
		{9B711206-1419-4009-8C6B-42131EE54355}.Ad-Hoc|x64.ActiveCfg = Release|Any CPU
		{9B711206-1419-4009-8C6B-42131EE54355}.Ad-Hoc|x64.Build.0 = Release|Any CPU
		{9B711206-1419-4009-8C6B-42131EE54355}.Ad-Hoc|x86.ActiveCfg = Release|Any CPU
		{9B711206-1419-4009-8C6B-42131EE54355}.Ad-Hoc|x86.Build.0 = Release|Any CPU
		{9B711206-1419-4009-8C6B-42131EE54355}.AppStore|Any CPU.ActiveCfg = Release|Any CPU
		{9B711206-1419-4009-8C6B-42131EE54355}.AppStore|Any CPU.Build.0 = Release|Any CPU
		{9B711206-1419-4009-8C6B-42131EE54355}.AppStore|ARM.ActiveCfg = Release|Any CPU
		{9B711206-1419-4009-8C6B-42131EE54355}.AppStore|ARM.Build.0 = Release|Any CPU
		{9B711206-1419-4009-8C6B-42131EE54355}.AppStore|iPhone.ActiveCfg = Release|Any CPU
		{9B711206-1419-4009-8C6B-42131EE54355}.AppStore|iPhone.Build.0 = Release|Any CPU
		{9B711206-1419-4009-8C6B-42131EE54355}.AppStore|iPhoneSimulator.ActiveCfg = Release|Any CPU
		{9B711206-1419-4009-8C6B-42131EE54355}.AppStore|iPhoneSimulator.Build.0 = Release|Any CPU
		{9B711206-1419-4009-8C6B-42131EE54355}.AppStore|x64.ActiveCfg = Release|Any CPU
		{9B711206-1419-4009-8C6B-42131EE54355}.AppStore|x64.Build.0 = Release|Any CPU
		{9B711206-1419-4009-8C6B-42131EE54355}.AppStore|x86.ActiveCfg = Release|Any CPU
		{9B711206-1419-4009-8C6B-42131EE54355}.AppStore|x86.Build.0 = Release|Any CPU
		{9B711206-1419-4009-8C6B-42131EE54355}.Debug|Any CPU.ActiveCfg = Debug|Any CPU
		{9B711206-1419-4009-8C6B-42131EE54355}.Debug|Any CPU.Build.0 = Debug|Any CPU
		{9B711206-1419-4009-8C6B-42131EE54355}.Debug|ARM.ActiveCfg = Debug|Any CPU
		{9B711206-1419-4009-8C6B-42131EE54355}.Debug|ARM.Build.0 = Debug|Any CPU
		{9B711206-1419-4009-8C6B-42131EE54355}.Debug|iPhone.ActiveCfg = Debug|Any CPU
		{9B711206-1419-4009-8C6B-42131EE54355}.Debug|iPhone.Build.0 = Debug|Any CPU
		{9B711206-1419-4009-8C6B-42131EE54355}.Debug|iPhoneSimulator.ActiveCfg = Debug|Any CPU
		{9B711206-1419-4009-8C6B-42131EE54355}.Debug|iPhoneSimulator.Build.0 = Debug|Any CPU
		{9B711206-1419-4009-8C6B-42131EE54355}.Debug|x64.ActiveCfg = Debug|Any CPU
		{9B711206-1419-4009-8C6B-42131EE54355}.Debug|x64.Build.0 = Debug|Any CPU
		{9B711206-1419-4009-8C6B-42131EE54355}.Debug|x86.ActiveCfg = Debug|Any CPU
		{9B711206-1419-4009-8C6B-42131EE54355}.Debug|x86.Build.0 = Debug|Any CPU
		{9B711206-1419-4009-8C6B-42131EE54355}.Release|Any CPU.ActiveCfg = Release|Any CPU
		{9B711206-1419-4009-8C6B-42131EE54355}.Release|Any CPU.Build.0 = Release|Any CPU
		{9B711206-1419-4009-8C6B-42131EE54355}.Release|ARM.ActiveCfg = Release|Any CPU
		{9B711206-1419-4009-8C6B-42131EE54355}.Release|ARM.Build.0 = Release|Any CPU
		{9B711206-1419-4009-8C6B-42131EE54355}.Release|iPhone.ActiveCfg = Release|Any CPU
		{9B711206-1419-4009-8C6B-42131EE54355}.Release|iPhone.Build.0 = Release|Any CPU
		{9B711206-1419-4009-8C6B-42131EE54355}.Release|iPhoneSimulator.ActiveCfg = Release|Any CPU
		{9B711206-1419-4009-8C6B-42131EE54355}.Release|iPhoneSimulator.Build.0 = Release|Any CPU
		{9B711206-1419-4009-8C6B-42131EE54355}.Release|x64.ActiveCfg = Release|Any CPU
		{9B711206-1419-4009-8C6B-42131EE54355}.Release|x64.Build.0 = Release|Any CPU
		{9B711206-1419-4009-8C6B-42131EE54355}.Release|x86.ActiveCfg = Release|Any CPU
		{9B711206-1419-4009-8C6B-42131EE54355}.Release|x86.Build.0 = Release|Any CPU
		{B05D0F41-BBA4-465B-92BB-2F976D0DB702}.Ad-Hoc|Any CPU.ActiveCfg = Release|Any CPU
		{B05D0F41-BBA4-465B-92BB-2F976D0DB702}.Ad-Hoc|Any CPU.Build.0 = Release|Any CPU
		{B05D0F41-BBA4-465B-92BB-2F976D0DB702}.Ad-Hoc|ARM.ActiveCfg = Release|Any CPU
		{B05D0F41-BBA4-465B-92BB-2F976D0DB702}.Ad-Hoc|ARM.Build.0 = Release|Any CPU
		{B05D0F41-BBA4-465B-92BB-2F976D0DB702}.Ad-Hoc|iPhone.ActiveCfg = Release|Any CPU
		{B05D0F41-BBA4-465B-92BB-2F976D0DB702}.Ad-Hoc|iPhone.Build.0 = Release|Any CPU
		{B05D0F41-BBA4-465B-92BB-2F976D0DB702}.Ad-Hoc|iPhoneSimulator.ActiveCfg = Release|Any CPU
		{B05D0F41-BBA4-465B-92BB-2F976D0DB702}.Ad-Hoc|iPhoneSimulator.Build.0 = Release|Any CPU
		{B05D0F41-BBA4-465B-92BB-2F976D0DB702}.Ad-Hoc|x64.ActiveCfg = Release|Any CPU
		{B05D0F41-BBA4-465B-92BB-2F976D0DB702}.Ad-Hoc|x64.Build.0 = Release|Any CPU
		{B05D0F41-BBA4-465B-92BB-2F976D0DB702}.Ad-Hoc|x86.ActiveCfg = Release|Any CPU
		{B05D0F41-BBA4-465B-92BB-2F976D0DB702}.Ad-Hoc|x86.Build.0 = Release|Any CPU
		{B05D0F41-BBA4-465B-92BB-2F976D0DB702}.AppStore|Any CPU.ActiveCfg = Release|Any CPU
		{B05D0F41-BBA4-465B-92BB-2F976D0DB702}.AppStore|Any CPU.Build.0 = Release|Any CPU
		{B05D0F41-BBA4-465B-92BB-2F976D0DB702}.AppStore|ARM.ActiveCfg = Release|Any CPU
		{B05D0F41-BBA4-465B-92BB-2F976D0DB702}.AppStore|ARM.Build.0 = Release|Any CPU
		{B05D0F41-BBA4-465B-92BB-2F976D0DB702}.AppStore|iPhone.ActiveCfg = Release|Any CPU
		{B05D0F41-BBA4-465B-92BB-2F976D0DB702}.AppStore|iPhone.Build.0 = Release|Any CPU
		{B05D0F41-BBA4-465B-92BB-2F976D0DB702}.AppStore|iPhoneSimulator.ActiveCfg = Release|Any CPU
		{B05D0F41-BBA4-465B-92BB-2F976D0DB702}.AppStore|iPhoneSimulator.Build.0 = Release|Any CPU
		{B05D0F41-BBA4-465B-92BB-2F976D0DB702}.AppStore|x64.ActiveCfg = Release|Any CPU
		{B05D0F41-BBA4-465B-92BB-2F976D0DB702}.AppStore|x64.Build.0 = Release|Any CPU
		{B05D0F41-BBA4-465B-92BB-2F976D0DB702}.AppStore|x86.ActiveCfg = Release|Any CPU
		{B05D0F41-BBA4-465B-92BB-2F976D0DB702}.AppStore|x86.Build.0 = Release|Any CPU
		{B05D0F41-BBA4-465B-92BB-2F976D0DB702}.Debug|Any CPU.ActiveCfg = Debug|Any CPU
		{B05D0F41-BBA4-465B-92BB-2F976D0DB702}.Debug|Any CPU.Build.0 = Debug|Any CPU
		{B05D0F41-BBA4-465B-92BB-2F976D0DB702}.Debug|ARM.ActiveCfg = Debug|Any CPU
		{B05D0F41-BBA4-465B-92BB-2F976D0DB702}.Debug|ARM.Build.0 = Debug|Any CPU
		{B05D0F41-BBA4-465B-92BB-2F976D0DB702}.Debug|iPhone.ActiveCfg = Debug|Any CPU
		{B05D0F41-BBA4-465B-92BB-2F976D0DB702}.Debug|iPhone.Build.0 = Debug|Any CPU
		{B05D0F41-BBA4-465B-92BB-2F976D0DB702}.Debug|iPhoneSimulator.ActiveCfg = Debug|Any CPU
		{B05D0F41-BBA4-465B-92BB-2F976D0DB702}.Debug|iPhoneSimulator.Build.0 = Debug|Any CPU
		{B05D0F41-BBA4-465B-92BB-2F976D0DB702}.Debug|x64.ActiveCfg = Debug|Any CPU
		{B05D0F41-BBA4-465B-92BB-2F976D0DB702}.Debug|x64.Build.0 = Debug|Any CPU
		{B05D0F41-BBA4-465B-92BB-2F976D0DB702}.Debug|x86.ActiveCfg = Debug|Any CPU
		{B05D0F41-BBA4-465B-92BB-2F976D0DB702}.Debug|x86.Build.0 = Debug|Any CPU
		{B05D0F41-BBA4-465B-92BB-2F976D0DB702}.Release|Any CPU.ActiveCfg = Release|Any CPU
		{B05D0F41-BBA4-465B-92BB-2F976D0DB702}.Release|Any CPU.Build.0 = Release|Any CPU
		{B05D0F41-BBA4-465B-92BB-2F976D0DB702}.Release|ARM.ActiveCfg = Release|Any CPU
		{B05D0F41-BBA4-465B-92BB-2F976D0DB702}.Release|ARM.Build.0 = Release|Any CPU
		{B05D0F41-BBA4-465B-92BB-2F976D0DB702}.Release|iPhone.ActiveCfg = Release|Any CPU
		{B05D0F41-BBA4-465B-92BB-2F976D0DB702}.Release|iPhone.Build.0 = Release|Any CPU
		{B05D0F41-BBA4-465B-92BB-2F976D0DB702}.Release|iPhoneSimulator.ActiveCfg = Release|Any CPU
		{B05D0F41-BBA4-465B-92BB-2F976D0DB702}.Release|iPhoneSimulator.Build.0 = Release|Any CPU
		{B05D0F41-BBA4-465B-92BB-2F976D0DB702}.Release|x64.ActiveCfg = Release|Any CPU
		{B05D0F41-BBA4-465B-92BB-2F976D0DB702}.Release|x64.Build.0 = Release|Any CPU
		{B05D0F41-BBA4-465B-92BB-2F976D0DB702}.Release|x86.ActiveCfg = Release|Any CPU
		{B05D0F41-BBA4-465B-92BB-2F976D0DB702}.Release|x86.Build.0 = Release|Any CPU
		{BAFD1822-B31B-4B6C-852A-3D90F7FD1ACB}.Ad-Hoc|Any CPU.ActiveCfg = Release|Any CPU
		{BAFD1822-B31B-4B6C-852A-3D90F7FD1ACB}.Ad-Hoc|Any CPU.Build.0 = Release|Any CPU
		{BAFD1822-B31B-4B6C-852A-3D90F7FD1ACB}.Ad-Hoc|ARM.ActiveCfg = Release|Any CPU
		{BAFD1822-B31B-4B6C-852A-3D90F7FD1ACB}.Ad-Hoc|ARM.Build.0 = Release|Any CPU
		{BAFD1822-B31B-4B6C-852A-3D90F7FD1ACB}.Ad-Hoc|iPhone.ActiveCfg = Release|Any CPU
		{BAFD1822-B31B-4B6C-852A-3D90F7FD1ACB}.Ad-Hoc|iPhone.Build.0 = Release|Any CPU
		{BAFD1822-B31B-4B6C-852A-3D90F7FD1ACB}.Ad-Hoc|iPhoneSimulator.ActiveCfg = Release|Any CPU
		{BAFD1822-B31B-4B6C-852A-3D90F7FD1ACB}.Ad-Hoc|iPhoneSimulator.Build.0 = Release|Any CPU
		{BAFD1822-B31B-4B6C-852A-3D90F7FD1ACB}.Ad-Hoc|x64.ActiveCfg = Release|Any CPU
		{BAFD1822-B31B-4B6C-852A-3D90F7FD1ACB}.Ad-Hoc|x64.Build.0 = Release|Any CPU
		{BAFD1822-B31B-4B6C-852A-3D90F7FD1ACB}.Ad-Hoc|x86.ActiveCfg = Release|Any CPU
		{BAFD1822-B31B-4B6C-852A-3D90F7FD1ACB}.Ad-Hoc|x86.Build.0 = Release|Any CPU
		{BAFD1822-B31B-4B6C-852A-3D90F7FD1ACB}.AppStore|Any CPU.ActiveCfg = Release|Any CPU
		{BAFD1822-B31B-4B6C-852A-3D90F7FD1ACB}.AppStore|Any CPU.Build.0 = Release|Any CPU
		{BAFD1822-B31B-4B6C-852A-3D90F7FD1ACB}.AppStore|ARM.ActiveCfg = Release|Any CPU
		{BAFD1822-B31B-4B6C-852A-3D90F7FD1ACB}.AppStore|ARM.Build.0 = Release|Any CPU
		{BAFD1822-B31B-4B6C-852A-3D90F7FD1ACB}.AppStore|iPhone.ActiveCfg = Release|Any CPU
		{BAFD1822-B31B-4B6C-852A-3D90F7FD1ACB}.AppStore|iPhone.Build.0 = Release|Any CPU
		{BAFD1822-B31B-4B6C-852A-3D90F7FD1ACB}.AppStore|iPhoneSimulator.ActiveCfg = Release|Any CPU
		{BAFD1822-B31B-4B6C-852A-3D90F7FD1ACB}.AppStore|iPhoneSimulator.Build.0 = Release|Any CPU
		{BAFD1822-B31B-4B6C-852A-3D90F7FD1ACB}.AppStore|x64.ActiveCfg = Release|Any CPU
		{BAFD1822-B31B-4B6C-852A-3D90F7FD1ACB}.AppStore|x64.Build.0 = Release|Any CPU
		{BAFD1822-B31B-4B6C-852A-3D90F7FD1ACB}.AppStore|x86.ActiveCfg = Release|Any CPU
		{BAFD1822-B31B-4B6C-852A-3D90F7FD1ACB}.AppStore|x86.Build.0 = Release|Any CPU
		{BAFD1822-B31B-4B6C-852A-3D90F7FD1ACB}.Debug|Any CPU.ActiveCfg = Debug|Any CPU
		{BAFD1822-B31B-4B6C-852A-3D90F7FD1ACB}.Debug|Any CPU.Build.0 = Debug|Any CPU
		{BAFD1822-B31B-4B6C-852A-3D90F7FD1ACB}.Debug|ARM.ActiveCfg = Debug|Any CPU
		{BAFD1822-B31B-4B6C-852A-3D90F7FD1ACB}.Debug|ARM.Build.0 = Debug|Any CPU
		{BAFD1822-B31B-4B6C-852A-3D90F7FD1ACB}.Debug|iPhone.ActiveCfg = Debug|Any CPU
		{BAFD1822-B31B-4B6C-852A-3D90F7FD1ACB}.Debug|iPhone.Build.0 = Debug|Any CPU
		{BAFD1822-B31B-4B6C-852A-3D90F7FD1ACB}.Debug|iPhoneSimulator.ActiveCfg = Debug|Any CPU
		{BAFD1822-B31B-4B6C-852A-3D90F7FD1ACB}.Debug|iPhoneSimulator.Build.0 = Debug|Any CPU
		{BAFD1822-B31B-4B6C-852A-3D90F7FD1ACB}.Debug|x64.ActiveCfg = Debug|Any CPU
		{BAFD1822-B31B-4B6C-852A-3D90F7FD1ACB}.Debug|x64.Build.0 = Debug|Any CPU
		{BAFD1822-B31B-4B6C-852A-3D90F7FD1ACB}.Debug|x86.ActiveCfg = Debug|Any CPU
		{BAFD1822-B31B-4B6C-852A-3D90F7FD1ACB}.Debug|x86.Build.0 = Debug|Any CPU
		{BAFD1822-B31B-4B6C-852A-3D90F7FD1ACB}.Release|Any CPU.ActiveCfg = Release|Any CPU
		{BAFD1822-B31B-4B6C-852A-3D90F7FD1ACB}.Release|Any CPU.Build.0 = Release|Any CPU
		{BAFD1822-B31B-4B6C-852A-3D90F7FD1ACB}.Release|ARM.ActiveCfg = Release|Any CPU
		{BAFD1822-B31B-4B6C-852A-3D90F7FD1ACB}.Release|ARM.Build.0 = Release|Any CPU
		{BAFD1822-B31B-4B6C-852A-3D90F7FD1ACB}.Release|iPhone.ActiveCfg = Release|Any CPU
		{BAFD1822-B31B-4B6C-852A-3D90F7FD1ACB}.Release|iPhone.Build.0 = Release|Any CPU
		{BAFD1822-B31B-4B6C-852A-3D90F7FD1ACB}.Release|iPhoneSimulator.ActiveCfg = Release|Any CPU
		{BAFD1822-B31B-4B6C-852A-3D90F7FD1ACB}.Release|iPhoneSimulator.Build.0 = Release|Any CPU
		{BAFD1822-B31B-4B6C-852A-3D90F7FD1ACB}.Release|x64.ActiveCfg = Release|Any CPU
		{BAFD1822-B31B-4B6C-852A-3D90F7FD1ACB}.Release|x64.Build.0 = Release|Any CPU
		{BAFD1822-B31B-4B6C-852A-3D90F7FD1ACB}.Release|x86.ActiveCfg = Release|Any CPU
		{BAFD1822-B31B-4B6C-852A-3D90F7FD1ACB}.Release|x86.Build.0 = Release|Any CPU
		{FA65B4DF-5473-49F6-B66D-3AB0F39FD3B0}.Ad-Hoc|Any CPU.ActiveCfg = Ad-Hoc|iPhone
		{FA65B4DF-5473-49F6-B66D-3AB0F39FD3B0}.Ad-Hoc|ARM.ActiveCfg = Ad-Hoc|iPhone
		{FA65B4DF-5473-49F6-B66D-3AB0F39FD3B0}.Ad-Hoc|iPhone.ActiveCfg = Ad-Hoc|iPhone
		{FA65B4DF-5473-49F6-B66D-3AB0F39FD3B0}.Ad-Hoc|iPhone.Build.0 = Ad-Hoc|iPhone
		{FA65B4DF-5473-49F6-B66D-3AB0F39FD3B0}.Ad-Hoc|iPhoneSimulator.ActiveCfg = Ad-Hoc|iPhoneSimulator
		{FA65B4DF-5473-49F6-B66D-3AB0F39FD3B0}.Ad-Hoc|iPhoneSimulator.Build.0 = Ad-Hoc|iPhoneSimulator
		{FA65B4DF-5473-49F6-B66D-3AB0F39FD3B0}.Ad-Hoc|x64.ActiveCfg = Ad-Hoc|iPhone
		{FA65B4DF-5473-49F6-B66D-3AB0F39FD3B0}.Ad-Hoc|x86.ActiveCfg = Ad-Hoc|iPhone
		{FA65B4DF-5473-49F6-B66D-3AB0F39FD3B0}.AppStore|Any CPU.ActiveCfg = AppStore|iPhone
		{FA65B4DF-5473-49F6-B66D-3AB0F39FD3B0}.AppStore|ARM.ActiveCfg = AppStore|iPhone
		{FA65B4DF-5473-49F6-B66D-3AB0F39FD3B0}.AppStore|iPhone.ActiveCfg = AppStore|iPhone
		{FA65B4DF-5473-49F6-B66D-3AB0F39FD3B0}.AppStore|iPhone.Build.0 = AppStore|iPhone
		{FA65B4DF-5473-49F6-B66D-3AB0F39FD3B0}.AppStore|iPhoneSimulator.ActiveCfg = AppStore|iPhoneSimulator
		{FA65B4DF-5473-49F6-B66D-3AB0F39FD3B0}.AppStore|iPhoneSimulator.Build.0 = AppStore|iPhoneSimulator
		{FA65B4DF-5473-49F6-B66D-3AB0F39FD3B0}.AppStore|x64.ActiveCfg = AppStore|iPhone
		{FA65B4DF-5473-49F6-B66D-3AB0F39FD3B0}.AppStore|x86.ActiveCfg = AppStore|iPhone
		{FA65B4DF-5473-49F6-B66D-3AB0F39FD3B0}.Debug|Any CPU.ActiveCfg = Debug|iPhone
		{FA65B4DF-5473-49F6-B66D-3AB0F39FD3B0}.Debug|ARM.ActiveCfg = Debug|iPhone
		{FA65B4DF-5473-49F6-B66D-3AB0F39FD3B0}.Debug|iPhone.ActiveCfg = Debug|iPhone
		{FA65B4DF-5473-49F6-B66D-3AB0F39FD3B0}.Debug|iPhone.Build.0 = Debug|iPhone
		{FA65B4DF-5473-49F6-B66D-3AB0F39FD3B0}.Debug|iPhoneSimulator.ActiveCfg = Debug|iPhoneSimulator
		{FA65B4DF-5473-49F6-B66D-3AB0F39FD3B0}.Debug|iPhoneSimulator.Build.0 = Debug|iPhoneSimulator
		{FA65B4DF-5473-49F6-B66D-3AB0F39FD3B0}.Debug|x64.ActiveCfg = Debug|iPhone
		{FA65B4DF-5473-49F6-B66D-3AB0F39FD3B0}.Debug|x86.ActiveCfg = Debug|iPhone
		{FA65B4DF-5473-49F6-B66D-3AB0F39FD3B0}.Release|Any CPU.ActiveCfg = Release|iPhone
		{FA65B4DF-5473-49F6-B66D-3AB0F39FD3B0}.Release|ARM.ActiveCfg = Release|iPhone
		{FA65B4DF-5473-49F6-B66D-3AB0F39FD3B0}.Release|iPhone.ActiveCfg = Release|iPhone
		{FA65B4DF-5473-49F6-B66D-3AB0F39FD3B0}.Release|iPhone.Build.0 = Release|iPhone
		{FA65B4DF-5473-49F6-B66D-3AB0F39FD3B0}.Release|iPhoneSimulator.ActiveCfg = Release|iPhoneSimulator
		{FA65B4DF-5473-49F6-B66D-3AB0F39FD3B0}.Release|iPhoneSimulator.Build.0 = Release|iPhoneSimulator
		{FA65B4DF-5473-49F6-B66D-3AB0F39FD3B0}.Release|x64.ActiveCfg = Release|iPhone
		{FA65B4DF-5473-49F6-B66D-3AB0F39FD3B0}.Release|x86.ActiveCfg = Release|iPhone
		{8528F0E4-C5D7-41F0-A0AB-DDAB3EE4289B}.Ad-Hoc|Any CPU.ActiveCfg = Release|Any CPU
		{8528F0E4-C5D7-41F0-A0AB-DDAB3EE4289B}.Ad-Hoc|Any CPU.Build.0 = Release|Any CPU
		{8528F0E4-C5D7-41F0-A0AB-DDAB3EE4289B}.Ad-Hoc|Any CPU.Deploy.0 = Release|Any CPU
		{8528F0E4-C5D7-41F0-A0AB-DDAB3EE4289B}.Ad-Hoc|ARM.ActiveCfg = Release|ARM
		{8528F0E4-C5D7-41F0-A0AB-DDAB3EE4289B}.Ad-Hoc|ARM.Build.0 = Release|ARM
		{8528F0E4-C5D7-41F0-A0AB-DDAB3EE4289B}.Ad-Hoc|ARM.Deploy.0 = Release|ARM
		{8528F0E4-C5D7-41F0-A0AB-DDAB3EE4289B}.Ad-Hoc|iPhone.ActiveCfg = Release|Any CPU
		{8528F0E4-C5D7-41F0-A0AB-DDAB3EE4289B}.Ad-Hoc|iPhone.Build.0 = Release|Any CPU
		{8528F0E4-C5D7-41F0-A0AB-DDAB3EE4289B}.Ad-Hoc|iPhone.Deploy.0 = Release|Any CPU
		{8528F0E4-C5D7-41F0-A0AB-DDAB3EE4289B}.Ad-Hoc|iPhoneSimulator.ActiveCfg = Release|Any CPU
		{8528F0E4-C5D7-41F0-A0AB-DDAB3EE4289B}.Ad-Hoc|iPhoneSimulator.Build.0 = Release|Any CPU
		{8528F0E4-C5D7-41F0-A0AB-DDAB3EE4289B}.Ad-Hoc|iPhoneSimulator.Deploy.0 = Release|Any CPU
		{8528F0E4-C5D7-41F0-A0AB-DDAB3EE4289B}.Ad-Hoc|x64.ActiveCfg = Release|Any CPU
		{8528F0E4-C5D7-41F0-A0AB-DDAB3EE4289B}.Ad-Hoc|x64.Build.0 = Release|Any CPU
		{8528F0E4-C5D7-41F0-A0AB-DDAB3EE4289B}.Ad-Hoc|x64.Deploy.0 = Release|Any CPU
		{8528F0E4-C5D7-41F0-A0AB-DDAB3EE4289B}.Ad-Hoc|x86.ActiveCfg = Release|x86
		{8528F0E4-C5D7-41F0-A0AB-DDAB3EE4289B}.Ad-Hoc|x86.Build.0 = Release|x86
		{8528F0E4-C5D7-41F0-A0AB-DDAB3EE4289B}.Ad-Hoc|x86.Deploy.0 = Release|x86
		{8528F0E4-C5D7-41F0-A0AB-DDAB3EE4289B}.AppStore|Any CPU.ActiveCfg = Release|Any CPU
		{8528F0E4-C5D7-41F0-A0AB-DDAB3EE4289B}.AppStore|Any CPU.Build.0 = Release|Any CPU
		{8528F0E4-C5D7-41F0-A0AB-DDAB3EE4289B}.AppStore|Any CPU.Deploy.0 = Release|Any CPU
		{8528F0E4-C5D7-41F0-A0AB-DDAB3EE4289B}.AppStore|ARM.ActiveCfg = Release|ARM
		{8528F0E4-C5D7-41F0-A0AB-DDAB3EE4289B}.AppStore|ARM.Build.0 = Release|ARM
		{8528F0E4-C5D7-41F0-A0AB-DDAB3EE4289B}.AppStore|ARM.Deploy.0 = Release|ARM
		{8528F0E4-C5D7-41F0-A0AB-DDAB3EE4289B}.AppStore|iPhone.ActiveCfg = Release|Any CPU
		{8528F0E4-C5D7-41F0-A0AB-DDAB3EE4289B}.AppStore|iPhone.Build.0 = Release|Any CPU
		{8528F0E4-C5D7-41F0-A0AB-DDAB3EE4289B}.AppStore|iPhone.Deploy.0 = Release|Any CPU
		{8528F0E4-C5D7-41F0-A0AB-DDAB3EE4289B}.AppStore|iPhoneSimulator.ActiveCfg = Release|Any CPU
		{8528F0E4-C5D7-41F0-A0AB-DDAB3EE4289B}.AppStore|iPhoneSimulator.Build.0 = Release|Any CPU
		{8528F0E4-C5D7-41F0-A0AB-DDAB3EE4289B}.AppStore|iPhoneSimulator.Deploy.0 = Release|Any CPU
		{8528F0E4-C5D7-41F0-A0AB-DDAB3EE4289B}.AppStore|x64.ActiveCfg = Release|Any CPU
		{8528F0E4-C5D7-41F0-A0AB-DDAB3EE4289B}.AppStore|x64.Build.0 = Release|Any CPU
		{8528F0E4-C5D7-41F0-A0AB-DDAB3EE4289B}.AppStore|x64.Deploy.0 = Release|Any CPU
		{8528F0E4-C5D7-41F0-A0AB-DDAB3EE4289B}.AppStore|x86.ActiveCfg = Release|x86
		{8528F0E4-C5D7-41F0-A0AB-DDAB3EE4289B}.AppStore|x86.Build.0 = Release|x86
		{8528F0E4-C5D7-41F0-A0AB-DDAB3EE4289B}.AppStore|x86.Deploy.0 = Release|x86
		{8528F0E4-C5D7-41F0-A0AB-DDAB3EE4289B}.Debug|Any CPU.ActiveCfg = Debug|Any CPU
		{8528F0E4-C5D7-41F0-A0AB-DDAB3EE4289B}.Debug|Any CPU.Build.0 = Debug|Any CPU
		{8528F0E4-C5D7-41F0-A0AB-DDAB3EE4289B}.Debug|Any CPU.Deploy.0 = Debug|Any CPU
		{8528F0E4-C5D7-41F0-A0AB-DDAB3EE4289B}.Debug|ARM.ActiveCfg = Debug|ARM
		{8528F0E4-C5D7-41F0-A0AB-DDAB3EE4289B}.Debug|ARM.Build.0 = Debug|ARM
		{8528F0E4-C5D7-41F0-A0AB-DDAB3EE4289B}.Debug|ARM.Deploy.0 = Debug|ARM
		{8528F0E4-C5D7-41F0-A0AB-DDAB3EE4289B}.Debug|iPhone.ActiveCfg = Debug|Any CPU
		{8528F0E4-C5D7-41F0-A0AB-DDAB3EE4289B}.Debug|iPhone.Build.0 = Debug|Any CPU
		{8528F0E4-C5D7-41F0-A0AB-DDAB3EE4289B}.Debug|iPhone.Deploy.0 = Debug|Any CPU
		{8528F0E4-C5D7-41F0-A0AB-DDAB3EE4289B}.Debug|iPhoneSimulator.ActiveCfg = Debug|Any CPU
		{8528F0E4-C5D7-41F0-A0AB-DDAB3EE4289B}.Debug|iPhoneSimulator.Build.0 = Debug|Any CPU
		{8528F0E4-C5D7-41F0-A0AB-DDAB3EE4289B}.Debug|iPhoneSimulator.Deploy.0 = Debug|Any CPU
		{8528F0E4-C5D7-41F0-A0AB-DDAB3EE4289B}.Debug|x64.ActiveCfg = Debug|Any CPU
		{8528F0E4-C5D7-41F0-A0AB-DDAB3EE4289B}.Debug|x64.Build.0 = Debug|Any CPU
		{8528F0E4-C5D7-41F0-A0AB-DDAB3EE4289B}.Debug|x64.Deploy.0 = Debug|Any CPU
		{8528F0E4-C5D7-41F0-A0AB-DDAB3EE4289B}.Debug|x86.ActiveCfg = Debug|x86
		{8528F0E4-C5D7-41F0-A0AB-DDAB3EE4289B}.Debug|x86.Build.0 = Debug|x86
		{8528F0E4-C5D7-41F0-A0AB-DDAB3EE4289B}.Debug|x86.Deploy.0 = Debug|x86
		{8528F0E4-C5D7-41F0-A0AB-DDAB3EE4289B}.Release|Any CPU.ActiveCfg = Release|Any CPU
		{8528F0E4-C5D7-41F0-A0AB-DDAB3EE4289B}.Release|Any CPU.Build.0 = Release|Any CPU
		{8528F0E4-C5D7-41F0-A0AB-DDAB3EE4289B}.Release|Any CPU.Deploy.0 = Release|Any CPU
		{8528F0E4-C5D7-41F0-A0AB-DDAB3EE4289B}.Release|ARM.ActiveCfg = Release|ARM
		{8528F0E4-C5D7-41F0-A0AB-DDAB3EE4289B}.Release|ARM.Build.0 = Release|ARM
		{8528F0E4-C5D7-41F0-A0AB-DDAB3EE4289B}.Release|ARM.Deploy.0 = Release|ARM
		{8528F0E4-C5D7-41F0-A0AB-DDAB3EE4289B}.Release|iPhone.ActiveCfg = Release|Any CPU
		{8528F0E4-C5D7-41F0-A0AB-DDAB3EE4289B}.Release|iPhone.Build.0 = Release|Any CPU
		{8528F0E4-C5D7-41F0-A0AB-DDAB3EE4289B}.Release|iPhone.Deploy.0 = Release|Any CPU
		{8528F0E4-C5D7-41F0-A0AB-DDAB3EE4289B}.Release|iPhoneSimulator.ActiveCfg = Release|Any CPU
		{8528F0E4-C5D7-41F0-A0AB-DDAB3EE4289B}.Release|iPhoneSimulator.Build.0 = Release|Any CPU
		{8528F0E4-C5D7-41F0-A0AB-DDAB3EE4289B}.Release|iPhoneSimulator.Deploy.0 = Release|Any CPU
		{8528F0E4-C5D7-41F0-A0AB-DDAB3EE4289B}.Release|x64.ActiveCfg = Release|Any CPU
		{8528F0E4-C5D7-41F0-A0AB-DDAB3EE4289B}.Release|x64.Build.0 = Release|Any CPU
		{8528F0E4-C5D7-41F0-A0AB-DDAB3EE4289B}.Release|x64.Deploy.0 = Release|Any CPU
		{8528F0E4-C5D7-41F0-A0AB-DDAB3EE4289B}.Release|x86.ActiveCfg = Release|x86
		{8528F0E4-C5D7-41F0-A0AB-DDAB3EE4289B}.Release|x86.Build.0 = Release|x86
		{8528F0E4-C5D7-41F0-A0AB-DDAB3EE4289B}.Release|x86.Deploy.0 = Release|x86
		{4D723EA6-C94C-4F8C-856A-8A6ACF50A247}.Ad-Hoc|Any CPU.ActiveCfg = Release|Any CPU
		{4D723EA6-C94C-4F8C-856A-8A6ACF50A247}.Ad-Hoc|Any CPU.Build.0 = Release|Any CPU
		{4D723EA6-C94C-4F8C-856A-8A6ACF50A247}.Ad-Hoc|ARM.ActiveCfg = Release|Any CPU
		{4D723EA6-C94C-4F8C-856A-8A6ACF50A247}.Ad-Hoc|ARM.Build.0 = Release|Any CPU
		{4D723EA6-C94C-4F8C-856A-8A6ACF50A247}.Ad-Hoc|iPhone.ActiveCfg = Release|Any CPU
		{4D723EA6-C94C-4F8C-856A-8A6ACF50A247}.Ad-Hoc|iPhone.Build.0 = Release|Any CPU
		{4D723EA6-C94C-4F8C-856A-8A6ACF50A247}.Ad-Hoc|iPhoneSimulator.ActiveCfg = Release|Any CPU
		{4D723EA6-C94C-4F8C-856A-8A6ACF50A247}.Ad-Hoc|iPhoneSimulator.Build.0 = Release|Any CPU
		{4D723EA6-C94C-4F8C-856A-8A6ACF50A247}.Ad-Hoc|x64.ActiveCfg = Release|Any CPU
		{4D723EA6-C94C-4F8C-856A-8A6ACF50A247}.Ad-Hoc|x64.Build.0 = Release|Any CPU
		{4D723EA6-C94C-4F8C-856A-8A6ACF50A247}.Ad-Hoc|x86.ActiveCfg = Release|Any CPU
		{4D723EA6-C94C-4F8C-856A-8A6ACF50A247}.Ad-Hoc|x86.Build.0 = Release|Any CPU
		{4D723EA6-C94C-4F8C-856A-8A6ACF50A247}.AppStore|Any CPU.ActiveCfg = Release|Any CPU
		{4D723EA6-C94C-4F8C-856A-8A6ACF50A247}.AppStore|Any CPU.Build.0 = Release|Any CPU
		{4D723EA6-C94C-4F8C-856A-8A6ACF50A247}.AppStore|ARM.ActiveCfg = Release|Any CPU
		{4D723EA6-C94C-4F8C-856A-8A6ACF50A247}.AppStore|ARM.Build.0 = Release|Any CPU
		{4D723EA6-C94C-4F8C-856A-8A6ACF50A247}.AppStore|iPhone.ActiveCfg = Release|Any CPU
		{4D723EA6-C94C-4F8C-856A-8A6ACF50A247}.AppStore|iPhone.Build.0 = Release|Any CPU
		{4D723EA6-C94C-4F8C-856A-8A6ACF50A247}.AppStore|iPhoneSimulator.ActiveCfg = Release|Any CPU
		{4D723EA6-C94C-4F8C-856A-8A6ACF50A247}.AppStore|iPhoneSimulator.Build.0 = Release|Any CPU
		{4D723EA6-C94C-4F8C-856A-8A6ACF50A247}.AppStore|x64.ActiveCfg = Release|Any CPU
		{4D723EA6-C94C-4F8C-856A-8A6ACF50A247}.AppStore|x64.Build.0 = Release|Any CPU
		{4D723EA6-C94C-4F8C-856A-8A6ACF50A247}.AppStore|x86.ActiveCfg = Release|Any CPU
		{4D723EA6-C94C-4F8C-856A-8A6ACF50A247}.AppStore|x86.Build.0 = Release|Any CPU
		{4D723EA6-C94C-4F8C-856A-8A6ACF50A247}.Debug|Any CPU.ActiveCfg = Debug|Any CPU
		{4D723EA6-C94C-4F8C-856A-8A6ACF50A247}.Debug|Any CPU.Build.0 = Debug|Any CPU
		{4D723EA6-C94C-4F8C-856A-8A6ACF50A247}.Debug|ARM.ActiveCfg = Debug|Any CPU
		{4D723EA6-C94C-4F8C-856A-8A6ACF50A247}.Debug|ARM.Build.0 = Debug|Any CPU
		{4D723EA6-C94C-4F8C-856A-8A6ACF50A247}.Debug|iPhone.ActiveCfg = Debug|Any CPU
		{4D723EA6-C94C-4F8C-856A-8A6ACF50A247}.Debug|iPhone.Build.0 = Debug|Any CPU
		{4D723EA6-C94C-4F8C-856A-8A6ACF50A247}.Debug|iPhoneSimulator.ActiveCfg = Debug|Any CPU
		{4D723EA6-C94C-4F8C-856A-8A6ACF50A247}.Debug|iPhoneSimulator.Build.0 = Debug|Any CPU
		{4D723EA6-C94C-4F8C-856A-8A6ACF50A247}.Debug|x64.ActiveCfg = Debug|Any CPU
		{4D723EA6-C94C-4F8C-856A-8A6ACF50A247}.Debug|x64.Build.0 = Debug|Any CPU
		{4D723EA6-C94C-4F8C-856A-8A6ACF50A247}.Debug|x86.ActiveCfg = Debug|Any CPU
		{4D723EA6-C94C-4F8C-856A-8A6ACF50A247}.Debug|x86.Build.0 = Debug|Any CPU
		{4D723EA6-C94C-4F8C-856A-8A6ACF50A247}.Release|Any CPU.ActiveCfg = Release|Any CPU
		{4D723EA6-C94C-4F8C-856A-8A6ACF50A247}.Release|Any CPU.Build.0 = Release|Any CPU
		{4D723EA6-C94C-4F8C-856A-8A6ACF50A247}.Release|ARM.ActiveCfg = Release|Any CPU
		{4D723EA6-C94C-4F8C-856A-8A6ACF50A247}.Release|ARM.Build.0 = Release|Any CPU
		{4D723EA6-C94C-4F8C-856A-8A6ACF50A247}.Release|iPhone.ActiveCfg = Release|Any CPU
		{4D723EA6-C94C-4F8C-856A-8A6ACF50A247}.Release|iPhone.Build.0 = Release|Any CPU
		{4D723EA6-C94C-4F8C-856A-8A6ACF50A247}.Release|iPhoneSimulator.ActiveCfg = Release|Any CPU
		{4D723EA6-C94C-4F8C-856A-8A6ACF50A247}.Release|iPhoneSimulator.Build.0 = Release|Any CPU
		{4D723EA6-C94C-4F8C-856A-8A6ACF50A247}.Release|x64.ActiveCfg = Release|Any CPU
		{4D723EA6-C94C-4F8C-856A-8A6ACF50A247}.Release|x64.Build.0 = Release|Any CPU
		{4D723EA6-C94C-4F8C-856A-8A6ACF50A247}.Release|x86.ActiveCfg = Release|Any CPU
		{4D723EA6-C94C-4F8C-856A-8A6ACF50A247}.Release|x86.Build.0 = Release|Any CPU
		{017955B2-6F12-45F5-9753-7D43D209E170}.Ad-Hoc|Any CPU.ActiveCfg = Release|Any CPU
		{017955B2-6F12-45F5-9753-7D43D209E170}.Ad-Hoc|Any CPU.Build.0 = Release|Any CPU
		{017955B2-6F12-45F5-9753-7D43D209E170}.Ad-Hoc|ARM.ActiveCfg = Release|Any CPU
		{017955B2-6F12-45F5-9753-7D43D209E170}.Ad-Hoc|ARM.Build.0 = Release|Any CPU
		{017955B2-6F12-45F5-9753-7D43D209E170}.Ad-Hoc|iPhone.ActiveCfg = Release|Any CPU
		{017955B2-6F12-45F5-9753-7D43D209E170}.Ad-Hoc|iPhone.Build.0 = Release|Any CPU
		{017955B2-6F12-45F5-9753-7D43D209E170}.Ad-Hoc|iPhoneSimulator.ActiveCfg = Release|Any CPU
		{017955B2-6F12-45F5-9753-7D43D209E170}.Ad-Hoc|iPhoneSimulator.Build.0 = Release|Any CPU
		{017955B2-6F12-45F5-9753-7D43D209E170}.Ad-Hoc|x64.ActiveCfg = Release|Any CPU
		{017955B2-6F12-45F5-9753-7D43D209E170}.Ad-Hoc|x64.Build.0 = Release|Any CPU
		{017955B2-6F12-45F5-9753-7D43D209E170}.Ad-Hoc|x86.ActiveCfg = Release|Any CPU
		{017955B2-6F12-45F5-9753-7D43D209E170}.Ad-Hoc|x86.Build.0 = Release|Any CPU
		{017955B2-6F12-45F5-9753-7D43D209E170}.AppStore|Any CPU.ActiveCfg = Release|Any CPU
		{017955B2-6F12-45F5-9753-7D43D209E170}.AppStore|Any CPU.Build.0 = Release|Any CPU
		{017955B2-6F12-45F5-9753-7D43D209E170}.AppStore|ARM.ActiveCfg = Release|Any CPU
		{017955B2-6F12-45F5-9753-7D43D209E170}.AppStore|ARM.Build.0 = Release|Any CPU
		{017955B2-6F12-45F5-9753-7D43D209E170}.AppStore|iPhone.ActiveCfg = Release|Any CPU
		{017955B2-6F12-45F5-9753-7D43D209E170}.AppStore|iPhone.Build.0 = Release|Any CPU
		{017955B2-6F12-45F5-9753-7D43D209E170}.AppStore|iPhoneSimulator.ActiveCfg = Release|Any CPU
		{017955B2-6F12-45F5-9753-7D43D209E170}.AppStore|iPhoneSimulator.Build.0 = Release|Any CPU
		{017955B2-6F12-45F5-9753-7D43D209E170}.AppStore|x64.ActiveCfg = Release|Any CPU
		{017955B2-6F12-45F5-9753-7D43D209E170}.AppStore|x64.Build.0 = Release|Any CPU
		{017955B2-6F12-45F5-9753-7D43D209E170}.AppStore|x86.ActiveCfg = Release|Any CPU
		{017955B2-6F12-45F5-9753-7D43D209E170}.AppStore|x86.Build.0 = Release|Any CPU
		{017955B2-6F12-45F5-9753-7D43D209E170}.Debug|Any CPU.ActiveCfg = Debug|Any CPU
		{017955B2-6F12-45F5-9753-7D43D209E170}.Debug|Any CPU.Build.0 = Debug|Any CPU
		{017955B2-6F12-45F5-9753-7D43D209E170}.Debug|ARM.ActiveCfg = Debug|Any CPU
		{017955B2-6F12-45F5-9753-7D43D209E170}.Debug|ARM.Build.0 = Debug|Any CPU
		{017955B2-6F12-45F5-9753-7D43D209E170}.Debug|iPhone.ActiveCfg = Debug|Any CPU
		{017955B2-6F12-45F5-9753-7D43D209E170}.Debug|iPhone.Build.0 = Debug|Any CPU
		{017955B2-6F12-45F5-9753-7D43D209E170}.Debug|iPhoneSimulator.ActiveCfg = Debug|Any CPU
		{017955B2-6F12-45F5-9753-7D43D209E170}.Debug|iPhoneSimulator.Build.0 = Debug|Any CPU
		{017955B2-6F12-45F5-9753-7D43D209E170}.Debug|x64.ActiveCfg = Debug|Any CPU
		{017955B2-6F12-45F5-9753-7D43D209E170}.Debug|x64.Build.0 = Debug|Any CPU
		{017955B2-6F12-45F5-9753-7D43D209E170}.Debug|x86.ActiveCfg = Debug|Any CPU
		{017955B2-6F12-45F5-9753-7D43D209E170}.Debug|x86.Build.0 = Debug|Any CPU
		{017955B2-6F12-45F5-9753-7D43D209E170}.Release|Any CPU.ActiveCfg = Release|Any CPU
		{017955B2-6F12-45F5-9753-7D43D209E170}.Release|Any CPU.Build.0 = Release|Any CPU
		{017955B2-6F12-45F5-9753-7D43D209E170}.Release|ARM.ActiveCfg = Release|Any CPU
		{017955B2-6F12-45F5-9753-7D43D209E170}.Release|ARM.Build.0 = Release|Any CPU
		{017955B2-6F12-45F5-9753-7D43D209E170}.Release|iPhone.ActiveCfg = Release|Any CPU
		{017955B2-6F12-45F5-9753-7D43D209E170}.Release|iPhone.Build.0 = Release|Any CPU
		{017955B2-6F12-45F5-9753-7D43D209E170}.Release|iPhoneSimulator.ActiveCfg = Release|Any CPU
		{017955B2-6F12-45F5-9753-7D43D209E170}.Release|iPhoneSimulator.Build.0 = Release|Any CPU
		{017955B2-6F12-45F5-9753-7D43D209E170}.Release|x64.ActiveCfg = Release|Any CPU
		{017955B2-6F12-45F5-9753-7D43D209E170}.Release|x64.Build.0 = Release|Any CPU
		{017955B2-6F12-45F5-9753-7D43D209E170}.Release|x86.ActiveCfg = Release|Any CPU
		{017955B2-6F12-45F5-9753-7D43D209E170}.Release|x86.Build.0 = Release|Any CPU
		{37D68AAB-F89D-44F8-A9E5-C1917938EB81}.Ad-Hoc|Any CPU.ActiveCfg = Release|Any CPU
		{37D68AAB-F89D-44F8-A9E5-C1917938EB81}.Ad-Hoc|Any CPU.Build.0 = Release|Any CPU
		{37D68AAB-F89D-44F8-A9E5-C1917938EB81}.Ad-Hoc|ARM.ActiveCfg = Release|Any CPU
		{37D68AAB-F89D-44F8-A9E5-C1917938EB81}.Ad-Hoc|ARM.Build.0 = Release|Any CPU
		{37D68AAB-F89D-44F8-A9E5-C1917938EB81}.Ad-Hoc|iPhone.ActiveCfg = Release|Any CPU
		{37D68AAB-F89D-44F8-A9E5-C1917938EB81}.Ad-Hoc|iPhone.Build.0 = Release|Any CPU
		{37D68AAB-F89D-44F8-A9E5-C1917938EB81}.Ad-Hoc|iPhoneSimulator.ActiveCfg = Release|Any CPU
		{37D68AAB-F89D-44F8-A9E5-C1917938EB81}.Ad-Hoc|iPhoneSimulator.Build.0 = Release|Any CPU
		{37D68AAB-F89D-44F8-A9E5-C1917938EB81}.Ad-Hoc|x64.ActiveCfg = Release|Any CPU
		{37D68AAB-F89D-44F8-A9E5-C1917938EB81}.Ad-Hoc|x64.Build.0 = Release|Any CPU
		{37D68AAB-F89D-44F8-A9E5-C1917938EB81}.Ad-Hoc|x86.ActiveCfg = Release|Any CPU
		{37D68AAB-F89D-44F8-A9E5-C1917938EB81}.Ad-Hoc|x86.Build.0 = Release|Any CPU
		{37D68AAB-F89D-44F8-A9E5-C1917938EB81}.AppStore|Any CPU.ActiveCfg = Release|Any CPU
		{37D68AAB-F89D-44F8-A9E5-C1917938EB81}.AppStore|Any CPU.Build.0 = Release|Any CPU
		{37D68AAB-F89D-44F8-A9E5-C1917938EB81}.AppStore|ARM.ActiveCfg = Release|Any CPU
		{37D68AAB-F89D-44F8-A9E5-C1917938EB81}.AppStore|ARM.Build.0 = Release|Any CPU
		{37D68AAB-F89D-44F8-A9E5-C1917938EB81}.AppStore|iPhone.ActiveCfg = Release|Any CPU
		{37D68AAB-F89D-44F8-A9E5-C1917938EB81}.AppStore|iPhone.Build.0 = Release|Any CPU
		{37D68AAB-F89D-44F8-A9E5-C1917938EB81}.AppStore|iPhoneSimulator.ActiveCfg = Release|Any CPU
		{37D68AAB-F89D-44F8-A9E5-C1917938EB81}.AppStore|iPhoneSimulator.Build.0 = Release|Any CPU
		{37D68AAB-F89D-44F8-A9E5-C1917938EB81}.AppStore|x64.ActiveCfg = Release|Any CPU
		{37D68AAB-F89D-44F8-A9E5-C1917938EB81}.AppStore|x64.Build.0 = Release|Any CPU
		{37D68AAB-F89D-44F8-A9E5-C1917938EB81}.AppStore|x86.ActiveCfg = Release|Any CPU
		{37D68AAB-F89D-44F8-A9E5-C1917938EB81}.AppStore|x86.Build.0 = Release|Any CPU
		{37D68AAB-F89D-44F8-A9E5-C1917938EB81}.Debug|Any CPU.ActiveCfg = Debug|Any CPU
		{37D68AAB-F89D-44F8-A9E5-C1917938EB81}.Debug|Any CPU.Build.0 = Debug|Any CPU
		{37D68AAB-F89D-44F8-A9E5-C1917938EB81}.Debug|ARM.ActiveCfg = Debug|Any CPU
		{37D68AAB-F89D-44F8-A9E5-C1917938EB81}.Debug|ARM.Build.0 = Debug|Any CPU
		{37D68AAB-F89D-44F8-A9E5-C1917938EB81}.Debug|iPhone.ActiveCfg = Debug|Any CPU
		{37D68AAB-F89D-44F8-A9E5-C1917938EB81}.Debug|iPhone.Build.0 = Debug|Any CPU
		{37D68AAB-F89D-44F8-A9E5-C1917938EB81}.Debug|iPhoneSimulator.ActiveCfg = Debug|Any CPU
		{37D68AAB-F89D-44F8-A9E5-C1917938EB81}.Debug|iPhoneSimulator.Build.0 = Debug|Any CPU
		{37D68AAB-F89D-44F8-A9E5-C1917938EB81}.Debug|x64.ActiveCfg = Debug|Any CPU
		{37D68AAB-F89D-44F8-A9E5-C1917938EB81}.Debug|x64.Build.0 = Debug|Any CPU
		{37D68AAB-F89D-44F8-A9E5-C1917938EB81}.Debug|x86.ActiveCfg = Debug|Any CPU
		{37D68AAB-F89D-44F8-A9E5-C1917938EB81}.Debug|x86.Build.0 = Debug|Any CPU
		{37D68AAB-F89D-44F8-A9E5-C1917938EB81}.Release|Any CPU.ActiveCfg = Release|Any CPU
		{37D68AAB-F89D-44F8-A9E5-C1917938EB81}.Release|Any CPU.Build.0 = Release|Any CPU
		{37D68AAB-F89D-44F8-A9E5-C1917938EB81}.Release|ARM.ActiveCfg = Release|Any CPU
		{37D68AAB-F89D-44F8-A9E5-C1917938EB81}.Release|ARM.Build.0 = Release|Any CPU
		{37D68AAB-F89D-44F8-A9E5-C1917938EB81}.Release|iPhone.ActiveCfg = Release|Any CPU
		{37D68AAB-F89D-44F8-A9E5-C1917938EB81}.Release|iPhone.Build.0 = Release|Any CPU
		{37D68AAB-F89D-44F8-A9E5-C1917938EB81}.Release|iPhoneSimulator.ActiveCfg = Release|Any CPU
		{37D68AAB-F89D-44F8-A9E5-C1917938EB81}.Release|iPhoneSimulator.Build.0 = Release|Any CPU
		{37D68AAB-F89D-44F8-A9E5-C1917938EB81}.Release|x64.ActiveCfg = Release|Any CPU
		{37D68AAB-F89D-44F8-A9E5-C1917938EB81}.Release|x64.Build.0 = Release|Any CPU
		{37D68AAB-F89D-44F8-A9E5-C1917938EB81}.Release|x86.ActiveCfg = Release|Any CPU
		{37D68AAB-F89D-44F8-A9E5-C1917938EB81}.Release|x86.Build.0 = Release|Any CPU
		{736CE7CE-92BA-4F8B-9671-8852EAAA4E10}.Ad-Hoc|Any CPU.ActiveCfg = Release|Any CPU
		{736CE7CE-92BA-4F8B-9671-8852EAAA4E10}.Ad-Hoc|Any CPU.Build.0 = Release|Any CPU
		{736CE7CE-92BA-4F8B-9671-8852EAAA4E10}.Ad-Hoc|Any CPU.Deploy.0 = Release|Any CPU
		{736CE7CE-92BA-4F8B-9671-8852EAAA4E10}.Ad-Hoc|ARM.ActiveCfg = Release|Any CPU
		{736CE7CE-92BA-4F8B-9671-8852EAAA4E10}.Ad-Hoc|ARM.Build.0 = Release|Any CPU
		{736CE7CE-92BA-4F8B-9671-8852EAAA4E10}.Ad-Hoc|ARM.Deploy.0 = Release|Any CPU
		{736CE7CE-92BA-4F8B-9671-8852EAAA4E10}.Ad-Hoc|iPhone.ActiveCfg = Release|Any CPU
		{736CE7CE-92BA-4F8B-9671-8852EAAA4E10}.Ad-Hoc|iPhone.Build.0 = Release|Any CPU
		{736CE7CE-92BA-4F8B-9671-8852EAAA4E10}.Ad-Hoc|iPhone.Deploy.0 = Release|Any CPU
		{736CE7CE-92BA-4F8B-9671-8852EAAA4E10}.Ad-Hoc|iPhoneSimulator.ActiveCfg = Release|Any CPU
		{736CE7CE-92BA-4F8B-9671-8852EAAA4E10}.Ad-Hoc|iPhoneSimulator.Build.0 = Release|Any CPU
		{736CE7CE-92BA-4F8B-9671-8852EAAA4E10}.Ad-Hoc|iPhoneSimulator.Deploy.0 = Release|Any CPU
		{736CE7CE-92BA-4F8B-9671-8852EAAA4E10}.Ad-Hoc|x64.ActiveCfg = Release|Any CPU
		{736CE7CE-92BA-4F8B-9671-8852EAAA4E10}.Ad-Hoc|x64.Build.0 = Release|Any CPU
		{736CE7CE-92BA-4F8B-9671-8852EAAA4E10}.Ad-Hoc|x64.Deploy.0 = Release|Any CPU
		{736CE7CE-92BA-4F8B-9671-8852EAAA4E10}.Ad-Hoc|x86.ActiveCfg = Release|Any CPU
		{736CE7CE-92BA-4F8B-9671-8852EAAA4E10}.Ad-Hoc|x86.Build.0 = Release|Any CPU
		{736CE7CE-92BA-4F8B-9671-8852EAAA4E10}.Ad-Hoc|x86.Deploy.0 = Release|Any CPU
		{736CE7CE-92BA-4F8B-9671-8852EAAA4E10}.AppStore|Any CPU.ActiveCfg = Release|Any CPU
		{736CE7CE-92BA-4F8B-9671-8852EAAA4E10}.AppStore|Any CPU.Build.0 = Release|Any CPU
		{736CE7CE-92BA-4F8B-9671-8852EAAA4E10}.AppStore|Any CPU.Deploy.0 = Release|Any CPU
		{736CE7CE-92BA-4F8B-9671-8852EAAA4E10}.AppStore|ARM.ActiveCfg = Release|Any CPU
		{736CE7CE-92BA-4F8B-9671-8852EAAA4E10}.AppStore|ARM.Build.0 = Release|Any CPU
		{736CE7CE-92BA-4F8B-9671-8852EAAA4E10}.AppStore|ARM.Deploy.0 = Release|Any CPU
		{736CE7CE-92BA-4F8B-9671-8852EAAA4E10}.AppStore|iPhone.ActiveCfg = Release|Any CPU
		{736CE7CE-92BA-4F8B-9671-8852EAAA4E10}.AppStore|iPhone.Build.0 = Release|Any CPU
		{736CE7CE-92BA-4F8B-9671-8852EAAA4E10}.AppStore|iPhone.Deploy.0 = Release|Any CPU
		{736CE7CE-92BA-4F8B-9671-8852EAAA4E10}.AppStore|iPhoneSimulator.ActiveCfg = Release|Any CPU
		{736CE7CE-92BA-4F8B-9671-8852EAAA4E10}.AppStore|iPhoneSimulator.Build.0 = Release|Any CPU
		{736CE7CE-92BA-4F8B-9671-8852EAAA4E10}.AppStore|iPhoneSimulator.Deploy.0 = Release|Any CPU
		{736CE7CE-92BA-4F8B-9671-8852EAAA4E10}.AppStore|x64.ActiveCfg = Release|Any CPU
		{736CE7CE-92BA-4F8B-9671-8852EAAA4E10}.AppStore|x64.Build.0 = Release|Any CPU
		{736CE7CE-92BA-4F8B-9671-8852EAAA4E10}.AppStore|x64.Deploy.0 = Release|Any CPU
		{736CE7CE-92BA-4F8B-9671-8852EAAA4E10}.AppStore|x86.ActiveCfg = Release|Any CPU
		{736CE7CE-92BA-4F8B-9671-8852EAAA4E10}.AppStore|x86.Build.0 = Release|Any CPU
		{736CE7CE-92BA-4F8B-9671-8852EAAA4E10}.AppStore|x86.Deploy.0 = Release|Any CPU
		{736CE7CE-92BA-4F8B-9671-8852EAAA4E10}.Debug|Any CPU.ActiveCfg = Debug|Any CPU
		{736CE7CE-92BA-4F8B-9671-8852EAAA4E10}.Debug|Any CPU.Build.0 = Debug|Any CPU
		{736CE7CE-92BA-4F8B-9671-8852EAAA4E10}.Debug|Any CPU.Deploy.0 = Debug|Any CPU
		{736CE7CE-92BA-4F8B-9671-8852EAAA4E10}.Debug|ARM.ActiveCfg = Debug|Any CPU
		{736CE7CE-92BA-4F8B-9671-8852EAAA4E10}.Debug|ARM.Build.0 = Debug|Any CPU
		{736CE7CE-92BA-4F8B-9671-8852EAAA4E10}.Debug|ARM.Deploy.0 = Debug|Any CPU
		{736CE7CE-92BA-4F8B-9671-8852EAAA4E10}.Debug|iPhone.ActiveCfg = Debug|Any CPU
		{736CE7CE-92BA-4F8B-9671-8852EAAA4E10}.Debug|iPhone.Build.0 = Debug|Any CPU
		{736CE7CE-92BA-4F8B-9671-8852EAAA4E10}.Debug|iPhone.Deploy.0 = Debug|Any CPU
		{736CE7CE-92BA-4F8B-9671-8852EAAA4E10}.Debug|iPhoneSimulator.ActiveCfg = Debug|Any CPU
		{736CE7CE-92BA-4F8B-9671-8852EAAA4E10}.Debug|iPhoneSimulator.Build.0 = Debug|Any CPU
		{736CE7CE-92BA-4F8B-9671-8852EAAA4E10}.Debug|iPhoneSimulator.Deploy.0 = Debug|Any CPU
		{736CE7CE-92BA-4F8B-9671-8852EAAA4E10}.Debug|x64.ActiveCfg = Debug|Any CPU
		{736CE7CE-92BA-4F8B-9671-8852EAAA4E10}.Debug|x64.Build.0 = Debug|Any CPU
		{736CE7CE-92BA-4F8B-9671-8852EAAA4E10}.Debug|x64.Deploy.0 = Debug|Any CPU
		{736CE7CE-92BA-4F8B-9671-8852EAAA4E10}.Debug|x86.ActiveCfg = Debug|Any CPU
		{736CE7CE-92BA-4F8B-9671-8852EAAA4E10}.Debug|x86.Build.0 = Debug|Any CPU
		{736CE7CE-92BA-4F8B-9671-8852EAAA4E10}.Debug|x86.Deploy.0 = Debug|Any CPU
		{736CE7CE-92BA-4F8B-9671-8852EAAA4E10}.Release|Any CPU.ActiveCfg = Release|Any CPU
		{736CE7CE-92BA-4F8B-9671-8852EAAA4E10}.Release|Any CPU.Build.0 = Release|Any CPU
		{736CE7CE-92BA-4F8B-9671-8852EAAA4E10}.Release|Any CPU.Deploy.0 = Release|Any CPU
		{736CE7CE-92BA-4F8B-9671-8852EAAA4E10}.Release|ARM.ActiveCfg = Release|Any CPU
		{736CE7CE-92BA-4F8B-9671-8852EAAA4E10}.Release|ARM.Build.0 = Release|Any CPU
		{736CE7CE-92BA-4F8B-9671-8852EAAA4E10}.Release|ARM.Deploy.0 = Release|Any CPU
		{736CE7CE-92BA-4F8B-9671-8852EAAA4E10}.Release|iPhone.ActiveCfg = Release|Any CPU
		{736CE7CE-92BA-4F8B-9671-8852EAAA4E10}.Release|iPhone.Build.0 = Release|Any CPU
		{736CE7CE-92BA-4F8B-9671-8852EAAA4E10}.Release|iPhone.Deploy.0 = Release|Any CPU
		{736CE7CE-92BA-4F8B-9671-8852EAAA4E10}.Release|iPhoneSimulator.ActiveCfg = Release|Any CPU
		{736CE7CE-92BA-4F8B-9671-8852EAAA4E10}.Release|iPhoneSimulator.Build.0 = Release|Any CPU
		{736CE7CE-92BA-4F8B-9671-8852EAAA4E10}.Release|iPhoneSimulator.Deploy.0 = Release|Any CPU
		{736CE7CE-92BA-4F8B-9671-8852EAAA4E10}.Release|x64.ActiveCfg = Release|Any CPU
		{736CE7CE-92BA-4F8B-9671-8852EAAA4E10}.Release|x64.Build.0 = Release|Any CPU
		{736CE7CE-92BA-4F8B-9671-8852EAAA4E10}.Release|x64.Deploy.0 = Release|Any CPU
		{736CE7CE-92BA-4F8B-9671-8852EAAA4E10}.Release|x86.ActiveCfg = Release|Any CPU
		{736CE7CE-92BA-4F8B-9671-8852EAAA4E10}.Release|x86.Build.0 = Release|Any CPU
		{736CE7CE-92BA-4F8B-9671-8852EAAA4E10}.Release|x86.Deploy.0 = Release|Any CPU
		{05A7AF99-FDDF-431F-9B52-7C265AE84ECE}.Ad-Hoc|Any CPU.ActiveCfg = Release|Any CPU
		{05A7AF99-FDDF-431F-9B52-7C265AE84ECE}.Ad-Hoc|Any CPU.Build.0 = Release|Any CPU
		{05A7AF99-FDDF-431F-9B52-7C265AE84ECE}.Ad-Hoc|ARM.ActiveCfg = Release|Any CPU
		{05A7AF99-FDDF-431F-9B52-7C265AE84ECE}.Ad-Hoc|ARM.Build.0 = Release|Any CPU
		{05A7AF99-FDDF-431F-9B52-7C265AE84ECE}.Ad-Hoc|iPhone.ActiveCfg = Release|Any CPU
		{05A7AF99-FDDF-431F-9B52-7C265AE84ECE}.Ad-Hoc|iPhone.Build.0 = Release|Any CPU
		{05A7AF99-FDDF-431F-9B52-7C265AE84ECE}.Ad-Hoc|iPhoneSimulator.ActiveCfg = Release|Any CPU
		{05A7AF99-FDDF-431F-9B52-7C265AE84ECE}.Ad-Hoc|iPhoneSimulator.Build.0 = Release|Any CPU
		{05A7AF99-FDDF-431F-9B52-7C265AE84ECE}.Ad-Hoc|x64.ActiveCfg = Release|Any CPU
		{05A7AF99-FDDF-431F-9B52-7C265AE84ECE}.Ad-Hoc|x64.Build.0 = Release|Any CPU
		{05A7AF99-FDDF-431F-9B52-7C265AE84ECE}.Ad-Hoc|x86.ActiveCfg = Release|Any CPU
		{05A7AF99-FDDF-431F-9B52-7C265AE84ECE}.Ad-Hoc|x86.Build.0 = Release|Any CPU
		{05A7AF99-FDDF-431F-9B52-7C265AE84ECE}.AppStore|Any CPU.ActiveCfg = Release|Any CPU
		{05A7AF99-FDDF-431F-9B52-7C265AE84ECE}.AppStore|Any CPU.Build.0 = Release|Any CPU
		{05A7AF99-FDDF-431F-9B52-7C265AE84ECE}.AppStore|ARM.ActiveCfg = Release|Any CPU
		{05A7AF99-FDDF-431F-9B52-7C265AE84ECE}.AppStore|ARM.Build.0 = Release|Any CPU
		{05A7AF99-FDDF-431F-9B52-7C265AE84ECE}.AppStore|iPhone.ActiveCfg = Release|Any CPU
		{05A7AF99-FDDF-431F-9B52-7C265AE84ECE}.AppStore|iPhone.Build.0 = Release|Any CPU
		{05A7AF99-FDDF-431F-9B52-7C265AE84ECE}.AppStore|iPhoneSimulator.ActiveCfg = Release|Any CPU
		{05A7AF99-FDDF-431F-9B52-7C265AE84ECE}.AppStore|iPhoneSimulator.Build.0 = Release|Any CPU
		{05A7AF99-FDDF-431F-9B52-7C265AE84ECE}.AppStore|x64.ActiveCfg = Release|Any CPU
		{05A7AF99-FDDF-431F-9B52-7C265AE84ECE}.AppStore|x64.Build.0 = Release|Any CPU
		{05A7AF99-FDDF-431F-9B52-7C265AE84ECE}.AppStore|x86.ActiveCfg = Release|Any CPU
		{05A7AF99-FDDF-431F-9B52-7C265AE84ECE}.AppStore|x86.Build.0 = Release|Any CPU
		{05A7AF99-FDDF-431F-9B52-7C265AE84ECE}.Debug|Any CPU.ActiveCfg = Debug|Any CPU
		{05A7AF99-FDDF-431F-9B52-7C265AE84ECE}.Debug|Any CPU.Build.0 = Debug|Any CPU
		{05A7AF99-FDDF-431F-9B52-7C265AE84ECE}.Debug|ARM.ActiveCfg = Debug|Any CPU
		{05A7AF99-FDDF-431F-9B52-7C265AE84ECE}.Debug|ARM.Build.0 = Debug|Any CPU
		{05A7AF99-FDDF-431F-9B52-7C265AE84ECE}.Debug|iPhone.ActiveCfg = Debug|Any CPU
		{05A7AF99-FDDF-431F-9B52-7C265AE84ECE}.Debug|iPhone.Build.0 = Debug|Any CPU
		{05A7AF99-FDDF-431F-9B52-7C265AE84ECE}.Debug|iPhoneSimulator.ActiveCfg = Debug|Any CPU
		{05A7AF99-FDDF-431F-9B52-7C265AE84ECE}.Debug|iPhoneSimulator.Build.0 = Debug|Any CPU
		{05A7AF99-FDDF-431F-9B52-7C265AE84ECE}.Debug|x64.ActiveCfg = Debug|Any CPU
		{05A7AF99-FDDF-431F-9B52-7C265AE84ECE}.Debug|x64.Build.0 = Debug|Any CPU
		{05A7AF99-FDDF-431F-9B52-7C265AE84ECE}.Debug|x86.ActiveCfg = Debug|Any CPU
		{05A7AF99-FDDF-431F-9B52-7C265AE84ECE}.Debug|x86.Build.0 = Debug|Any CPU
		{05A7AF99-FDDF-431F-9B52-7C265AE84ECE}.Release|Any CPU.ActiveCfg = Release|Any CPU
		{05A7AF99-FDDF-431F-9B52-7C265AE84ECE}.Release|Any CPU.Build.0 = Release|Any CPU
		{05A7AF99-FDDF-431F-9B52-7C265AE84ECE}.Release|ARM.ActiveCfg = Release|Any CPU
		{05A7AF99-FDDF-431F-9B52-7C265AE84ECE}.Release|ARM.Build.0 = Release|Any CPU
		{05A7AF99-FDDF-431F-9B52-7C265AE84ECE}.Release|iPhone.ActiveCfg = Release|Any CPU
		{05A7AF99-FDDF-431F-9B52-7C265AE84ECE}.Release|iPhone.Build.0 = Release|Any CPU
		{05A7AF99-FDDF-431F-9B52-7C265AE84ECE}.Release|iPhoneSimulator.ActiveCfg = Release|Any CPU
		{05A7AF99-FDDF-431F-9B52-7C265AE84ECE}.Release|iPhoneSimulator.Build.0 = Release|Any CPU
		{05A7AF99-FDDF-431F-9B52-7C265AE84ECE}.Release|x64.ActiveCfg = Release|Any CPU
		{05A7AF99-FDDF-431F-9B52-7C265AE84ECE}.Release|x64.Build.0 = Release|Any CPU
		{05A7AF99-FDDF-431F-9B52-7C265AE84ECE}.Release|x86.ActiveCfg = Release|Any CPU
		{05A7AF99-FDDF-431F-9B52-7C265AE84ECE}.Release|x86.Build.0 = Release|Any CPU
		{8063BACC-BB59-4EB3-9B2C-B06E2443397D}.Ad-Hoc|Any CPU.ActiveCfg = Release|Any CPU
		{8063BACC-BB59-4EB3-9B2C-B06E2443397D}.Ad-Hoc|Any CPU.Build.0 = Release|Any CPU
		{8063BACC-BB59-4EB3-9B2C-B06E2443397D}.Ad-Hoc|ARM.ActiveCfg = Release|Any CPU
		{8063BACC-BB59-4EB3-9B2C-B06E2443397D}.Ad-Hoc|ARM.Build.0 = Release|Any CPU
		{8063BACC-BB59-4EB3-9B2C-B06E2443397D}.Ad-Hoc|iPhone.ActiveCfg = Release|Any CPU
		{8063BACC-BB59-4EB3-9B2C-B06E2443397D}.Ad-Hoc|iPhone.Build.0 = Release|Any CPU
		{8063BACC-BB59-4EB3-9B2C-B06E2443397D}.Ad-Hoc|iPhoneSimulator.ActiveCfg = Release|Any CPU
		{8063BACC-BB59-4EB3-9B2C-B06E2443397D}.Ad-Hoc|iPhoneSimulator.Build.0 = Release|Any CPU
		{8063BACC-BB59-4EB3-9B2C-B06E2443397D}.Ad-Hoc|x64.ActiveCfg = Release|Any CPU
		{8063BACC-BB59-4EB3-9B2C-B06E2443397D}.Ad-Hoc|x64.Build.0 = Release|Any CPU
		{8063BACC-BB59-4EB3-9B2C-B06E2443397D}.Ad-Hoc|x86.ActiveCfg = Release|Any CPU
		{8063BACC-BB59-4EB3-9B2C-B06E2443397D}.Ad-Hoc|x86.Build.0 = Release|Any CPU
		{8063BACC-BB59-4EB3-9B2C-B06E2443397D}.AppStore|Any CPU.ActiveCfg = Release|Any CPU
		{8063BACC-BB59-4EB3-9B2C-B06E2443397D}.AppStore|Any CPU.Build.0 = Release|Any CPU
		{8063BACC-BB59-4EB3-9B2C-B06E2443397D}.AppStore|ARM.ActiveCfg = Release|Any CPU
		{8063BACC-BB59-4EB3-9B2C-B06E2443397D}.AppStore|ARM.Build.0 = Release|Any CPU
		{8063BACC-BB59-4EB3-9B2C-B06E2443397D}.AppStore|iPhone.ActiveCfg = Release|Any CPU
		{8063BACC-BB59-4EB3-9B2C-B06E2443397D}.AppStore|iPhone.Build.0 = Release|Any CPU
		{8063BACC-BB59-4EB3-9B2C-B06E2443397D}.AppStore|iPhoneSimulator.ActiveCfg = Release|Any CPU
		{8063BACC-BB59-4EB3-9B2C-B06E2443397D}.AppStore|iPhoneSimulator.Build.0 = Release|Any CPU
		{8063BACC-BB59-4EB3-9B2C-B06E2443397D}.AppStore|x64.ActiveCfg = Release|Any CPU
		{8063BACC-BB59-4EB3-9B2C-B06E2443397D}.AppStore|x64.Build.0 = Release|Any CPU
		{8063BACC-BB59-4EB3-9B2C-B06E2443397D}.AppStore|x86.ActiveCfg = Release|Any CPU
		{8063BACC-BB59-4EB3-9B2C-B06E2443397D}.AppStore|x86.Build.0 = Release|Any CPU
		{8063BACC-BB59-4EB3-9B2C-B06E2443397D}.Debug|Any CPU.ActiveCfg = Debug|Any CPU
		{8063BACC-BB59-4EB3-9B2C-B06E2443397D}.Debug|Any CPU.Build.0 = Debug|Any CPU
		{8063BACC-BB59-4EB3-9B2C-B06E2443397D}.Debug|ARM.ActiveCfg = Debug|Any CPU
		{8063BACC-BB59-4EB3-9B2C-B06E2443397D}.Debug|ARM.Build.0 = Debug|Any CPU
		{8063BACC-BB59-4EB3-9B2C-B06E2443397D}.Debug|iPhone.ActiveCfg = Debug|Any CPU
		{8063BACC-BB59-4EB3-9B2C-B06E2443397D}.Debug|iPhone.Build.0 = Debug|Any CPU
		{8063BACC-BB59-4EB3-9B2C-B06E2443397D}.Debug|iPhoneSimulator.ActiveCfg = Debug|Any CPU
		{8063BACC-BB59-4EB3-9B2C-B06E2443397D}.Debug|iPhoneSimulator.Build.0 = Debug|Any CPU
		{8063BACC-BB59-4EB3-9B2C-B06E2443397D}.Debug|x64.ActiveCfg = Debug|Any CPU
		{8063BACC-BB59-4EB3-9B2C-B06E2443397D}.Debug|x64.Build.0 = Debug|Any CPU
		{8063BACC-BB59-4EB3-9B2C-B06E2443397D}.Debug|x86.ActiveCfg = Debug|Any CPU
		{8063BACC-BB59-4EB3-9B2C-B06E2443397D}.Debug|x86.Build.0 = Debug|Any CPU
		{8063BACC-BB59-4EB3-9B2C-B06E2443397D}.Release|Any CPU.ActiveCfg = Release|Any CPU
		{8063BACC-BB59-4EB3-9B2C-B06E2443397D}.Release|Any CPU.Build.0 = Release|Any CPU
		{8063BACC-BB59-4EB3-9B2C-B06E2443397D}.Release|ARM.ActiveCfg = Release|Any CPU
		{8063BACC-BB59-4EB3-9B2C-B06E2443397D}.Release|ARM.Build.0 = Release|Any CPU
		{8063BACC-BB59-4EB3-9B2C-B06E2443397D}.Release|iPhone.ActiveCfg = Release|Any CPU
		{8063BACC-BB59-4EB3-9B2C-B06E2443397D}.Release|iPhone.Build.0 = Release|Any CPU
		{8063BACC-BB59-4EB3-9B2C-B06E2443397D}.Release|iPhoneSimulator.ActiveCfg = Release|Any CPU
		{8063BACC-BB59-4EB3-9B2C-B06E2443397D}.Release|iPhoneSimulator.Build.0 = Release|Any CPU
		{8063BACC-BB59-4EB3-9B2C-B06E2443397D}.Release|x64.ActiveCfg = Release|Any CPU
		{8063BACC-BB59-4EB3-9B2C-B06E2443397D}.Release|x64.Build.0 = Release|Any CPU
		{8063BACC-BB59-4EB3-9B2C-B06E2443397D}.Release|x86.ActiveCfg = Release|Any CPU
		{8063BACC-BB59-4EB3-9B2C-B06E2443397D}.Release|x86.Build.0 = Release|Any CPU
	EndGlobalSection
	GlobalSection(SolutionProperties) = preSolution
		HideSolutionNode = FALSE
	EndGlobalSection
	GlobalSection(NestedProjects) = preSolution
		{9B711206-1419-4009-8C6B-42131EE54355} = {92B334BC-BFCB-4CD9-AD73-05394CED9554}
		{B05D0F41-BBA4-465B-92BB-2F976D0DB702} = {92B334BC-BFCB-4CD9-AD73-05394CED9554}
		{BAFD1822-B31B-4B6C-852A-3D90F7FD1ACB} = {92B334BC-BFCB-4CD9-AD73-05394CED9554}
		{017955B2-6F12-45F5-9753-7D43D209E170} = {92B334BC-BFCB-4CD9-AD73-05394CED9554}
	EndGlobalSection
EndGlobal
